
Microsoft Visual Studio Solution File, Format Version 12.00
# Visual Studio Version 17
VisualStudioVersion = 17.2.32630.192
MinimumVisualStudioVersion = 10.0.40219.1
Project("{9A19103F-16F7-4668-BE54-9A1E7A4F7556}") = "RON", "RON.csproj", "{5C0F4CB5-075B-4CC6-B463-1A408A43D83B}"
EndProject
Project("{D954291E-2A0B-460D-934E-DC6B0785DB48}") = "AlgernonCommonsPatchingShared", "..\AlgernonCommons\AlgernonCommonsPatchingShared.shproj", "{25AEF446-6F0D-43A8-BB84-D1306789B68C}"
EndProject
Global
	GlobalSection(SolutionConfigurationPlatforms) = preSolution
		Debug|Any CPU = Debug|Any CPU
		Release|Any CPU = Release|Any CPU
	EndGlobalSection
	GlobalSection(ProjectConfigurationPlatforms) = postSolution
		{5C0F4CB5-075B-4CC6-B463-1A408A43D83B}.Debug|Any CPU.ActiveCfg = Debug|Any CPU
		{5C0F4CB5-075B-4CC6-B463-1A408A43D83B}.Debug|Any CPU.Build.0 = Debug|Any CPU
		{5C0F4CB5-075B-4CC6-B463-1A408A43D83B}.Release|Any CPU.ActiveCfg = Release|Any CPU
		{5C0F4CB5-075B-4CC6-B463-1A408A43D83B}.Release|Any CPU.Build.0 = Release|Any CPU
	EndGlobalSection
	GlobalSection(SolutionProperties) = preSolution
		HideSolutionNode = FALSE
	EndGlobalSection
	GlobalSection(ExtensibilityGlobals) = postSolution
		SolutionGuid = {656BC7FC-2E83-4F05-BA53-DBE876EB9430}
	EndGlobalSection
	GlobalSection(SharedMSBuildProjectFiles) = preSolution
		..\AlgernonCommons\AlgernonCommonsPatchingShared.projitems*{25aef446-6f0d-43a8-bb84-d1306789b68c}*SharedItemsImports = 13
		..\AlgernonCommons\AlgernonCommonsPatchingShared.projitems*{5c0f4cb5-075b-4cc6-b463-1a408a43d83b}*SharedItemsImports = 5
	EndGlobalSection
EndGlobal
